
Microsoft Visual Studio Solution File, Format Version 12.00
# Visual Studio 2012
Project("{FAE04EC0-301F-11D3-BF4B-00C04F79EFBC}") = "OctoGhast", "OctoGhast\OctoGhast.csproj", "{02E6A779-B800-47D9-9E6D-05F3362362EB}"
EndProject
Global
	GlobalSection(SolutionConfigurationPlatforms) = preSolution
		Debug|Any CPU = Debug|Any CPU
		Release|Any CPU = Release|Any CPU
	EndGlobalSection
	GlobalSection(ProjectConfigurationPlatforms) = postSolution
		{02E6A779-B800-47D9-9E6D-05F3362362EB}.Debug|Any CPU.ActiveCfg = Debug|Any CPU
		{02E6A779-B800-47D9-9E6D-05F3362362EB}.Debug|Any CPU.Build.0 = Debug|Any CPU
		{02E6A779-B800-47D9-9E6D-05F3362362EB}.Release|Any CPU.ActiveCfg = Release|Any CPU
		{02E6A779-B800-47D9-9E6D-05F3362362EB}.Release|Any CPU.Build.0 = Release|Any CPU
	EndGlobalSection
	GlobalSection(SolutionProperties) = preSolution
		HideSolutionNode = FALSE
	EndGlobalSection
EndGlobal
